
Microsoft Visual Studio Solution File, Format Version 11.00
# Visual Studio 2010
Project("{FAE04EC0-301F-11D3-BF4B-00C04F79EFBC}") = "PedroLamas.WP7.AnalogClock", "..\..\..\AnalogClock\PedroLamas.WP7.AnalogClock\PedroLamas.WP7.AnalogClock.csproj", "{CA4CE003-0B26-4CDE-9803-CD7B9FB913BF}"
EndProject
Global
	GlobalSection(TeamFoundationVersionControl) = preSolution
		SccNumberOfProjects = 2
		SccEnterpriseProvider = {4CA58AB2-18FA-4F8D-95D4-32DDF27D184C}
		SccTeamFoundationServer = https://tfs.codeplex.com/tfs/tfs02
		SccLocalPath0 = .
		SccProjectUniqueName1 = ..\\..\\..\\AnalogClock\\PedroLamas.WP7.AnalogClock\\PedroLamas.WP7.AnalogClock.csproj
		SccProjectName1 = PedroLamas.WP7.AnalogClock
		SccLocalPath1 = ..\\..\\..\\AnalogClock\\PedroLamas.WP7.AnalogClock
	EndGlobalSection
	GlobalSection(SolutionConfigurationPlatforms) = preSolution
		Debug|Any CPU = Debug|Any CPU
		Release|Any CPU = Release|Any CPU
	EndGlobalSection
	GlobalSection(ProjectConfigurationPlatforms) = postSolution
		{CA4CE003-0B26-4CDE-9803-CD7B9FB913BF}.Debug|Any CPU.ActiveCfg = Debug|Any CPU
		{CA4CE003-0B26-4CDE-9803-CD7B9FB913BF}.Debug|Any CPU.Build.0 = Debug|Any CPU
		{CA4CE003-0B26-4CDE-9803-CD7B9FB913BF}.Debug|Any CPU.Deploy.0 = Debug|Any CPU
		{CA4CE003-0B26-4CDE-9803-CD7B9FB913BF}.Release|Any CPU.ActiveCfg = Release|Any CPU
		{CA4CE003-0B26-4CDE-9803-CD7B9FB913BF}.Release|Any CPU.Build.0 = Release|Any CPU
		{CA4CE003-0B26-4CDE-9803-CD7B9FB913BF}.Release|Any CPU.Deploy.0 = Release|Any CPU
	EndGlobalSection
	GlobalSection(SolutionProperties) = preSolution
		HideSolutionNode = FALSE
	EndGlobalSection
EndGlobal
